
Microsoft Visual Studio Solution File, Format Version 12.00
# Visual Studio Version 17
VisualStudioVersion = 17.11.35327.3
MinimumVisualStudioVersion = 10.0.40219.1
Project("{FAE04EC0-301F-11D3-BF4B-00C04F79EFBC}") = "YogeshFurnitureAPI", "YogeshFurnitureAPI.csproj", "{35672CB5-C908-4BD4-ADFE-E3C40D286DA8}"
EndProject
Global
	GlobalSection(SolutionConfigurationPlatforms) = preSolution
		Debug|Any CPU = Debug|Any CPU
		Release|Any CPU = Release|Any CPU
	EndGlobalSection
	GlobalSection(ProjectConfigurationPlatforms) = postSolution
		{35672CB5-C908-4BD4-ADFE-E3C40D286DA8}.Debug|Any CPU.ActiveCfg = Debug|Any CPU
		{35672CB5-C908-4BD4-ADFE-E3C40D286DA8}.Debug|Any CPU.Build.0 = Debug|Any CPU
		{35672CB5-C908-4BD4-ADFE-E3C40D286DA8}.Release|Any CPU.ActiveCfg = Release|Any CPU
		{35672CB5-C908-4BD4-ADFE-E3C40D286DA8}.Release|Any CPU.Build.0 = Release|Any CPU
	EndGlobalSection
	GlobalSection(SolutionProperties) = preSolution
		HideSolutionNode = FALSE
	EndGlobalSection
	GlobalSection(ExtensibilityGlobals) = postSolution
		SolutionGuid = {C2394AB6-95E0-45A5-A059-E75F90CC4F60}
	EndGlobalSection
EndGlobal
